// !$*UTF8*$!
{
	archiveVersion = 1;
	classes = {
	};
	objectVersion = 46;
	objects = {

/* Begin PBXBuildFile section */
		781D088F1F07BB640095E1C9 /* Utils.swift in Sources */ = {isa = PBXBuildFile; fileRef = 781D08851F07BB640095E1C9 /* Utils.swift */; };
		781D08901F07BB640095E1C9 /* HomeCollectionViewCell.swift in Sources */ = {isa = PBXBuildFile; fileRef = 781D08871F07BB640095E1C9 /* HomeCollectionViewCell.swift */; };
		781D08911F07BB640095E1C9 /* HomeViewController.swift in Sources */ = {isa = PBXBuildFile; fileRef = 781D08881F07BB640095E1C9 /* HomeViewController.swift */; };
		781D08921F07BB640095E1C9 /* OrderListTableViewController.swift in Sources */ = {isa = PBXBuildFile; fileRef = 781D08891F07BB640095E1C9 /* OrderListTableViewController.swift */; };
		781D08931F07BB640095E1C9 /* OrderTableViewController.swift in Sources */ = {isa = PBXBuildFile; fileRef = 781D088A1F07BB640095E1C9 /* OrderTableViewController.swift */; };
		781D08951F07C0730095E1C9 /* MCommon.swift in Sources */ = {isa = PBXBuildFile; fileRef = 781D08941F07C0730095E1C9 /* MCommon.swift */; };
		781D089C1F07C3F00095E1C9 /* MonitorViewController.swift in Sources */ = {isa = PBXBuildFile; fileRef = 781D089A1F07C3F00095E1C9 /* MonitorViewController.swift */; };
		781D089D1F07C3F00095E1C9 /* MonitorViewController.xib in Resources */ = {isa = PBXBuildFile; fileRef = 781D089B1F07C3F00095E1C9 /* MonitorViewController.xib */; };
		781D08A01F07C3FC0095E1C9 /* NotificationViewController.swift in Sources */ = {isa = PBXBuildFile; fileRef = 781D089E1F07C3FC0095E1C9 /* NotificationViewController.swift */; };
		781D08A11F07C3FC0095E1C9 /* NotificationViewController.xib in Resources */ = {isa = PBXBuildFile; fileRef = 781D089F1F07C3FC0095E1C9 /* NotificationViewController.xib */; };
		781D08A41F07C4070095E1C9 /* ProfileViewController.swift in Sources */ = {isa = PBXBuildFile; fileRef = 781D08A21F07C4070095E1C9 /* ProfileViewController.swift */; };
		781D08A51F07C4070095E1C9 /* ProfileViewController.xib in Resources */ = {isa = PBXBuildFile; fileRef = 781D08A31F07C4070095E1C9 /* ProfileViewController.xib */; };
		781D08A91F07C50A0095E1C9 /* RootViewController.swift in Sources */ = {isa = PBXBuildFile; fileRef = 781D08A71F07C50A0095E1C9 /* RootViewController.swift */; };
		781D08AA1F07C50A0095E1C9 /* RootViewController.xib in Resources */ = {isa = PBXBuildFile; fileRef = 781D08A81F07C50A0095E1C9 /* RootViewController.xib */; };
		781D08AD1F07C8270095E1C9 /* TradeTableViewCell.swift in Sources */ = {isa = PBXBuildFile; fileRef = 781D08AB1F07C8270095E1C9 /* TradeTableViewCell.swift */; };
		781D08AE1F07C8270095E1C9 /* TradeTableViewCell.xib in Resources */ = {isa = PBXBuildFile; fileRef = 781D08AC1F07C8270095E1C9 /* TradeTableViewCell.xib */; };
		781D08B01F07D7D50095E1C9 /* TradeBannerView.swift in Sources */ = {isa = PBXBuildFile; fileRef = 781D08AF1F07D7D50095E1C9 /* TradeBannerView.swift */; };
		781D08B21F07D7E70095E1C9 /* TradeBannerView.xib in Resources */ = {isa = PBXBuildFile; fileRef = 781D08B11F07D7E70095E1C9 /* TradeBannerView.xib */; };
		781D08B51F084DE00095E1C9 /* PaymentModeTableViewCell.swift in Sources */ = {isa = PBXBuildFile; fileRef = 781D08B31F084DE00095E1C9 /* PaymentModeTableViewCell.swift */; };
		781D08B61F084DE00095E1C9 /* PaymentModeTableViewController.swift in Sources */ = {isa = PBXBuildFile; fileRef = 781D08B41F084DE00095E1C9 /* PaymentModeTableViewController.swift */; };
		781D08B81F084E230095E1C9 /* TradeViewController.swift in Sources */ = {isa = PBXBuildFile; fileRef = 781D08B71F084E230095E1C9 /* TradeViewController.swift */; };
		781D08BC1F0850570095E1C9 /* OrderDetailViewController.swift in Sources */ = {isa = PBXBuildFile; fileRef = 781D08BB1F0850570095E1C9 /* OrderDetailViewController.swift */; };
		955899DA612992047018E6ED /* Pods_MarketPlace.framework in Frameworks */ = {isa = PBXBuildFile; fileRef = 8F39C362C4B556B198AA1FBF /* Pods_MarketPlace.framework */; };
		F1257FA81F081BB100411090 /* AppDelegate.swift in Sources */ = {isa = PBXBuildFile; fileRef = F1257FA71F081BB100411090 /* AppDelegate.swift */; };
		F1257FAA1F081BB100411090 /* ViewController.swift in Sources */ = {isa = PBXBuildFile; fileRef = F1257FA91F081BB100411090 /* ViewController.swift */; };
		F1257FAD1F081BB100411090 /* Main.storyboard in Resources */ = {isa = PBXBuildFile; fileRef = F1257FAB1F081BB100411090 /* Main.storyboard */; };
		F1257FB01F081BB100411090 /* MarketPlace.xcdatamodeld in Sources */ = {isa = PBXBuildFile; fileRef = F1257FAE1F081BB100411090 /* MarketPlace.xcdatamodeld */; };
		F1257FB51F081BB100411090 /* LaunchScreen.storyboard in Resources */ = {isa = PBXBuildFile; fileRef = F1257FB31F081BB100411090 /* LaunchScreen.storyboard */; };
		F1257FC01F081BB100411090 /* MarketPlaceTests.swift in Sources */ = {isa = PBXBuildFile; fileRef = F1257FBF1F081BB100411090 /* MarketPlaceTests.swift */; };
		F1257FCB1F081BB100411090 /* MarketPlaceUITests.swift in Sources */ = {isa = PBXBuildFile; fileRef = F1257FCA1F081BB100411090 /* MarketPlaceUITests.swift */; };
		F1257FD91F081F3F00411090 /* Assets.xcassets in Resources */ = {isa = PBXBuildFile; fileRef = F1257FD81F081F3F00411090 /* Assets.xcassets */; };
/* End PBXBuildFile section */

/* Begin PBXContainerItemProxy section */
		F1257FBC1F081BB100411090 /* PBXContainerItemProxy */ = {
			isa = PBXContainerItemProxy;
			containerPortal = F1257F9C1F081BB100411090 /* Project object */;
			proxyType = 1;
			remoteGlobalIDString = F1257FA31F081BB100411090;
			remoteInfo = MarketPlace;
		};
		F1257FC71F081BB100411090 /* PBXContainerItemProxy */ = {
			isa = PBXContainerItemProxy;
			containerPortal = F1257F9C1F081BB100411090 /* Project object */;
			proxyType = 1;
			remoteGlobalIDString = F1257FA31F081BB100411090;
			remoteInfo = MarketPlace;
		};
/* End PBXContainerItemProxy section */

/* Begin PBXFileReference section */
		781D08851F07BB640095E1C9 /* Utils.swift */ = {isa = PBXFileReference; fileEncoding = 4; lastKnownFileType = sourcecode.swift; path = Utils.swift; sourceTree = "<group>"; };
		781D08871F07BB640095E1C9 /* HomeCollectionViewCell.swift */ = {isa = PBXFileReference; fileEncoding = 4; lastKnownFileType = sourcecode.swift; path = HomeCollectionViewCell.swift; sourceTree = "<group>"; };
		781D08881F07BB640095E1C9 /* HomeViewController.swift */ = {isa = PBXFileReference; fileEncoding = 4; lastKnownFileType = sourcecode.swift; path = HomeViewController.swift; sourceTree = "<group>"; };
		781D08891F07BB640095E1C9 /* OrderListTableViewController.swift */ = {isa = PBXFileReference; fileEncoding = 4; lastKnownFileType = sourcecode.swift; path = OrderListTableViewController.swift; sourceTree = "<group>"; };
		781D088A1F07BB640095E1C9 /* OrderTableViewController.swift */ = {isa = PBXFileReference; fileEncoding = 4; lastKnownFileType = sourcecode.swift; path = OrderTableViewController.swift; sourceTree = "<group>"; };
		781D08941F07C0730095E1C9 /* MCommon.swift */ = {isa = PBXFileReference; fileEncoding = 4; lastKnownFileType = sourcecode.swift; path = MCommon.swift; sourceTree = "<group>"; };
		781D089A1F07C3F00095E1C9 /* MonitorViewController.swift */ = {isa = PBXFileReference; fileEncoding = 4; lastKnownFileType = sourcecode.swift; path = MonitorViewController.swift; sourceTree = "<group>"; };
		781D089B1F07C3F00095E1C9 /* MonitorViewController.xib */ = {isa = PBXFileReference; fileEncoding = 4; lastKnownFileType = file.xib; path = MonitorViewController.xib; sourceTree = "<group>"; };
		781D089E1F07C3FC0095E1C9 /* NotificationViewController.swift */ = {isa = PBXFileReference; fileEncoding = 4; lastKnownFileType = sourcecode.swift; path = NotificationViewController.swift; sourceTree = "<group>"; };
		781D089F1F07C3FC0095E1C9 /* NotificationViewController.xib */ = {isa = PBXFileReference; fileEncoding = 4; lastKnownFileType = file.xib; path = NotificationViewController.xib; sourceTree = "<group>"; };
		781D08A21F07C4070095E1C9 /* ProfileViewController.swift */ = {isa = PBXFileReference; fileEncoding = 4; lastKnownFileType = sourcecode.swift; path = ProfileViewController.swift; sourceTree = "<group>"; };
		781D08A31F07C4070095E1C9 /* ProfileViewController.xib */ = {isa = PBXFileReference; fileEncoding = 4; lastKnownFileType = file.xib; path = ProfileViewController.xib; sourceTree = "<group>"; };
		781D08A71F07C50A0095E1C9 /* RootViewController.swift */ = {isa = PBXFileReference; fileEncoding = 4; lastKnownFileType = sourcecode.swift; path = RootViewController.swift; sourceTree = "<group>"; };
		781D08A81F07C50A0095E1C9 /* RootViewController.xib */ = {isa = PBXFileReference; fileEncoding = 4; lastKnownFileType = file.xib; path = RootViewController.xib; sourceTree = "<group>"; };
		781D08AB1F07C8270095E1C9 /* TradeTableViewCell.swift */ = {isa = PBXFileReference; fileEncoding = 4; lastKnownFileType = sourcecode.swift; path = TradeTableViewCell.swift; sourceTree = "<group>"; };
		781D08AC1F07C8270095E1C9 /* TradeTableViewCell.xib */ = {isa = PBXFileReference; fileEncoding = 4; lastKnownFileType = file.xib; path = TradeTableViewCell.xib; sourceTree = "<group>"; };
		781D08AF1F07D7D50095E1C9 /* TradeBannerView.swift */ = {isa = PBXFileReference; fileEncoding = 4; lastKnownFileType = sourcecode.swift; path = TradeBannerView.swift; sourceTree = "<group>"; };
		781D08B11F07D7E70095E1C9 /* TradeBannerView.xib */ = {isa = PBXFileReference; fileEncoding = 4; lastKnownFileType = file.xib; path = TradeBannerView.xib; sourceTree = "<group>"; };
		781D08B31F084DE00095E1C9 /* PaymentModeTableViewCell.swift */ = {isa = PBXFileReference; fileEncoding = 4; lastKnownFileType = sourcecode.swift; path = PaymentModeTableViewCell.swift; sourceTree = "<group>"; };
		781D08B41F084DE00095E1C9 /* PaymentModeTableViewController.swift */ = {isa = PBXFileReference; fileEncoding = 4; lastKnownFileType = sourcecode.swift; path = PaymentModeTableViewController.swift; sourceTree = "<group>"; };
		781D08B71F084E230095E1C9 /* TradeViewController.swift */ = {isa = PBXFileReference; fileEncoding = 4; lastKnownFileType = sourcecode.swift; path = TradeViewController.swift; sourceTree = "<group>"; };
		781D08BB1F0850570095E1C9 /* OrderDetailViewController.swift */ = {isa = PBXFileReference; fileEncoding = 4; lastKnownFileType = sourcecode.swift; path = OrderDetailViewController.swift; sourceTree = "<group>"; };
		8F39C362C4B556B198AA1FBF /* Pods_MarketPlace.framework */ = {isa = PBXFileReference; explicitFileType = wrapper.framework; includeInIndex = 0; path = Pods_MarketPlace.framework; sourceTree = BUILT_PRODUCTS_DIR; };
		F1257FA41F081BB100411090 /* MarketPlace.app */ = {isa = PBXFileReference; explicitFileType = wrapper.application; includeInIndex = 0; path = MarketPlace.app; sourceTree = BUILT_PRODUCTS_DIR; };
		F1257FA71F081BB100411090 /* AppDelegate.swift */ = {isa = PBXFileReference; lastKnownFileType = sourcecode.swift; path = AppDelegate.swift; sourceTree = "<group>"; };
		F1257FA91F081BB100411090 /* ViewController.swift */ = {isa = PBXFileReference; lastKnownFileType = sourcecode.swift; path = ViewController.swift; sourceTree = "<group>"; };
		F1257FAC1F081BB100411090 /* Base */ = {isa = PBXFileReference; lastKnownFileType = file.storyboard; name = Base; path = Base.lproj/Main.storyboard; sourceTree = "<group>"; };
		F1257FAF1F081BB100411090 /* MarketPlace.xcdatamodel */ = {isa = PBXFileReference; lastKnownFileType = wrapper.xcdatamodel; path = MarketPlace.xcdatamodel; sourceTree = "<group>"; };
		F1257FB41F081BB100411090 /* Base */ = {isa = PBXFileReference; lastKnownFileType = file.storyboard; name = Base; path = Base.lproj/LaunchScreen.storyboard; sourceTree = "<group>"; };
		F1257FB61F081BB100411090 /* Info.plist */ = {isa = PBXFileReference; lastKnownFileType = text.plist.xml; path = Info.plist; sourceTree = "<group>"; };
		F1257FBB1F081BB100411090 /* MarketPlaceTests.xctest */ = {isa = PBXFileReference; explicitFileType = wrapper.cfbundle; includeInIndex = 0; path = MarketPlaceTests.xctest; sourceTree = BUILT_PRODUCTS_DIR; };
		F1257FBF1F081BB100411090 /* MarketPlaceTests.swift */ = {isa = PBXFileReference; lastKnownFileType = sourcecode.swift; path = MarketPlaceTests.swift; sourceTree = "<group>"; };
		F1257FC11F081BB100411090 /* Info.plist */ = {isa = PBXFileReference; lastKnownFileType = text.plist.xml; path = Info.plist; sourceTree = "<group>"; };
		F1257FC61F081BB100411090 /* MarketPlaceUITests.xctest */ = {isa = PBXFileReference; explicitFileType = wrapper.cfbundle; includeInIndex = 0; path = MarketPlaceUITests.xctest; sourceTree = BUILT_PRODUCTS_DIR; };
		F1257FCA1F081BB100411090 /* MarketPlaceUITests.swift */ = {isa = PBXFileReference; lastKnownFileType = sourcecode.swift; path = MarketPlaceUITests.swift; sourceTree = "<group>"; };
		F1257FCC1F081BB100411090 /* Info.plist */ = {isa = PBXFileReference; lastKnownFileType = text.plist.xml; path = Info.plist; sourceTree = "<group>"; };
		F1257FD81F081F3F00411090 /* Assets.xcassets */ = {isa = PBXFileReference; lastKnownFileType = folder.assetcatalog; path = Assets.xcassets; sourceTree = "<group>"; };
		FE277396C7D190466AFCB0ED /* Pods-MarketPlace.debug.xcconfig */ = {isa = PBXFileReference; includeInIndex = 1; lastKnownFileType = text.xcconfig; name = "Pods-MarketPlace.debug.xcconfig"; path = "Pods/Target Support Files/Pods-MarketPlace/Pods-MarketPlace.debug.xcconfig"; sourceTree = "<group>"; };
		FF264C35759E88F41F0E0458 /* Pods-MarketPlace.release.xcconfig */ = {isa = PBXFileReference; includeInIndex = 1; lastKnownFileType = text.xcconfig; name = "Pods-MarketPlace.release.xcconfig"; path = "Pods/Target Support Files/Pods-MarketPlace/Pods-MarketPlace.release.xcconfig"; sourceTree = "<group>"; };
/* End PBXFileReference section */

/* Begin PBXFrameworksBuildPhase section */
		F1257FA11F081BB100411090 /* Frameworks */ = {
			isa = PBXFrameworksBuildPhase;
			buildActionMask = 2147483647;
			files = (
				955899DA612992047018E6ED /* Pods_MarketPlace.framework in Frameworks */,
			);
			runOnlyForDeploymentPostprocessing = 0;
		};
		F1257FB81F081BB100411090 /* Frameworks */ = {
			isa = PBXFrameworksBuildPhase;
			buildActionMask = 2147483647;
			files = (
			);
			runOnlyForDeploymentPostprocessing = 0;
		};
		F1257FC31F081BB100411090 /* Frameworks */ = {
			isa = PBXFrameworksBuildPhase;
			buildActionMask = 2147483647;
			files = (
			);
			runOnlyForDeploymentPostprocessing = 0;
		};
/* End PBXFrameworksBuildPhase section */

/* Begin PBXGroup section */
		05255881C3B7FCAACEE4AC67 /* Frameworks */ = {
			isa = PBXGroup;
			children = (
				8F39C362C4B556B198AA1FBF /* Pods_MarketPlace.framework */,
			);
			name = Frameworks;
			sourceTree = "<group>";
		};
		781D08841F07BB640095E1C9 /* Common */ = {
			isa = PBXGroup;
			children = (
				781D08851F07BB640095E1C9 /* Utils.swift */,
				781D08941F07C0730095E1C9 /* MCommon.swift */,
			);
			path = Common;
			sourceTree = "<group>";
		};
		781D08861F07BB640095E1C9 /* Home */ = {
			isa = PBXGroup;
			children = (
				781D08871F07BB640095E1C9 /* HomeCollectionViewCell.swift */,
				781D08881F07BB640095E1C9 /* HomeViewController.swift */,
				781D08BB1F0850570095E1C9 /* OrderDetailViewController.swift */,
				781D08891F07BB640095E1C9 /* OrderListTableViewController.swift */,
				781D088A1F07BB640095E1C9 /* OrderTableViewController.swift */,
				781D08B31F084DE00095E1C9 /* PaymentModeTableViewCell.swift */,
				781D08B41F084DE00095E1C9 /* PaymentModeTableViewController.swift */,
			);
			path = Home;
			sourceTree = "<group>";
		};
		781D088B1F07BB640095E1C9 /* Monitor */ = {
			isa = PBXGroup;
			children = (
				781D089A1F07C3F00095E1C9 /* MonitorViewController.swift */,
				781D089B1F07C3F00095E1C9 /* MonitorViewController.xib */,
			);
			path = Monitor;
			sourceTree = "<group>";
		};
		781D088C1F07BB640095E1C9 /* Notification */ = {
			isa = PBXGroup;
			children = (
				781D089E1F07C3FC0095E1C9 /* NotificationViewController.swift */,
				781D089F1F07C3FC0095E1C9 /* NotificationViewController.xib */,
			);
			path = Notification;
			sourceTree = "<group>";
		};
		781D088D1F07BB640095E1C9 /* Profile */ = {
			isa = PBXGroup;
			children = (
				781D08A21F07C4070095E1C9 /* ProfileViewController.swift */,
				781D08A31F07C4070095E1C9 /* ProfileViewController.xib */,
			);
			path = Profile;
			sourceTree = "<group>";
		};
		781D088E1F07BB640095E1C9 /* Trade */ = {
			isa = PBXGroup;
			children = (
				781D08B71F084E230095E1C9 /* TradeViewController.swift */,
				781D08AB1F07C8270095E1C9 /* TradeTableViewCell.swift */,
				781D08AC1F07C8270095E1C9 /* TradeTableViewCell.xib */,
				781D08AF1F07D7D50095E1C9 /* TradeBannerView.swift */,
				781D08B11F07D7E70095E1C9 /* TradeBannerView.xib */,
			);
			path = Trade;
			sourceTree = "<group>";
		};
		781D08A61F07C4A00095E1C9 /* Root */ = {
			isa = PBXGroup;
			children = (
				781D08A71F07C50A0095E1C9 /* RootViewController.swift */,
				781D08A81F07C50A0095E1C9 /* RootViewController.xib */,
			);
			path = Root;
			sourceTree = "<group>";
		};
		C46C9354EA3581594AEEA4BB /* Pods */ = {
			isa = PBXGroup;
			children = (
				FE277396C7D190466AFCB0ED /* Pods-MarketPlace.debug.xcconfig */,
				FF264C35759E88F41F0E0458 /* Pods-MarketPlace.release.xcconfig */,
			);
			name = Pods;
			sourceTree = "<group>";
		};
		F1257F9B1F081BB100411090 = {
			isa = PBXGroup;
			children = (
				F1257FA61F081BB100411090 /* MarketPlace */,
				F1257FBE1F081BB100411090 /* MarketPlaceTests */,
				F1257FC91F081BB100411090 /* MarketPlaceUITests */,
				F1257FA51F081BB100411090 /* Products */,
				C46C9354EA3581594AEEA4BB /* Pods */,
				05255881C3B7FCAACEE4AC67 /* Frameworks */,
			);
			sourceTree = "<group>";
		};
		F1257FA51F081BB100411090 /* Products */ = {
			isa = PBXGroup;
			children = (
				F1257FA41F081BB100411090 /* MarketPlace.app */,
				F1257FBB1F081BB100411090 /* MarketPlaceTests.xctest */,
				F1257FC61F081BB100411090 /* MarketPlaceUITests.xctest */,
			);
			name = Products;
			sourceTree = "<group>";
		};
		F1257FA61F081BB100411090 /* MarketPlace */ = {
			isa = PBXGroup;
			children = (
				781D08841F07BB640095E1C9 /* Common */,
				781D08861F07BB640095E1C9 /* Home */,
				781D088B1F07BB640095E1C9 /* Monitor */,
				781D088C1F07BB640095E1C9 /* Notification */,
				781D088D1F07BB640095E1C9 /* Profile */,
				781D088E1F07BB640095E1C9 /* Trade */,
				781D08A61F07C4A00095E1C9 /* Root */,
				F1257FA71F081BB100411090 /* AppDelegate.swift */,
				F1257FA91F081BB100411090 /* ViewController.swift */,
				F1257FAB1F081BB100411090 /* Main.storyboard */,
				F1257FB31F081BB100411090 /* LaunchScreen.storyboard */,
				F1257FB61F081BB100411090 /* Info.plist */,
				F1257FD81F081F3F00411090 /* Assets.xcassets */,
				F1257FAE1F081BB100411090 /* MarketPlace.xcdatamodeld */,
			);
			path = MarketPlace;
			sourceTree = "<group>";
		};
		F1257FBE1F081BB100411090 /* MarketPlaceTests */ = {
			isa = PBXGroup;
			children = (
				F1257FBF1F081BB100411090 /* MarketPlaceTests.swift */,
				F1257FC11F081BB100411090 /* Info.plist */,
			);
			path = MarketPlaceTests;
			sourceTree = "<group>";
		};
		F1257FC91F081BB100411090 /* MarketPlaceUITests */ = {
			isa = PBXGroup;
			children = (
				F1257FCA1F081BB100411090 /* MarketPlaceUITests.swift */,
				F1257FCC1F081BB100411090 /* Info.plist */,
			);
			path = MarketPlaceUITests;
			sourceTree = "<group>";
		};
/* End PBXGroup section */

/* Begin PBXNativeTarget section */
		F1257FA31F081BB100411090 /* MarketPlace */ = {
			isa = PBXNativeTarget;
			buildConfigurationList = F1257FCF1F081BB100411090 /* Build configuration list for PBXNativeTarget "MarketPlace" */;
			buildPhases = (
				AFCCB55A4682A1F72AA9215E /* [CP] Check Pods Manifest.lock */,
				F1257FA01F081BB100411090 /* Sources */,
				F1257FA11F081BB100411090 /* Frameworks */,
				F1257FA21F081BB100411090 /* Resources */,
				DFE4740E1E0B9FEDF60632AE /* [CP] Embed Pods Frameworks */,
				805EF89D95B013FB0627B29E /* [CP] Copy Pods Resources */,
			);
			buildRules = (
			);
			dependencies = (
			);
			name = MarketPlace;
			productName = MarketPlace;
			productReference = F1257FA41F081BB100411090 /* MarketPlace.app */;
			productType = "com.apple.product-type.application";
		};
		F1257FBA1F081BB100411090 /* MarketPlaceTests */ = {
			isa = PBXNativeTarget;
			buildConfigurationList = F1257FD21F081BB100411090 /* Build configuration list for PBXNativeTarget "MarketPlaceTests" */;
			buildPhases = (
				F1257FB71F081BB100411090 /* Sources */,
				F1257FB81F081BB100411090 /* Frameworks */,
				F1257FB91F081BB100411090 /* Resources */,
			);
			buildRules = (
			);
			dependencies = (
				F1257FBD1F081BB100411090 /* PBXTargetDependency */,
			);
			name = MarketPlaceTests;
			productName = MarketPlaceTests;
			productReference = F1257FBB1F081BB100411090 /* MarketPlaceTests.xctest */;
			productType = "com.apple.product-type.bundle.unit-test";
		};
		F1257FC51F081BB100411090 /* MarketPlaceUITests */ = {
			isa = PBXNativeTarget;
			buildConfigurationList = F1257FD51F081BB100411090 /* Build configuration list for PBXNativeTarget "MarketPlaceUITests" */;
			buildPhases = (
				F1257FC21F081BB100411090 /* Sources */,
				F1257FC31F081BB100411090 /* Frameworks */,
				F1257FC41F081BB100411090 /* Resources */,
			);
			buildRules = (
			);
			dependencies = (
				F1257FC81F081BB100411090 /* PBXTargetDependency */,
			);
			name = MarketPlaceUITests;
			productName = MarketPlaceUITests;
			productReference = F1257FC61F081BB100411090 /* MarketPlaceUITests.xctest */;
			productType = "com.apple.product-type.bundle.ui-testing";
		};
/* End PBXNativeTarget section */

/* Begin PBXProject section */
		F1257F9C1F081BB100411090 /* Project object */ = {
			isa = PBXProject;
			attributes = {
				LastSwiftUpdateCheck = 0830;
				LastUpgradeCheck = 0830;
				ORGANIZATIONNAME = Angelhack;
				TargetAttributes = {
					F1257FA31F081BB100411090 = {
						CreatedOnToolsVersion = 8.3.2;
						DevelopmentTeam = L2SXWB2TAK;
						ProvisioningStyle = Automatic;
					};
					F1257FBA1F081BB100411090 = {
						CreatedOnToolsVersion = 8.3.2;
						DevelopmentTeam = L2SXWB2TAK;
						ProvisioningStyle = Automatic;
						TestTargetID = F1257FA31F081BB100411090;
					};
					F1257FC51F081BB100411090 = {
						CreatedOnToolsVersion = 8.3.2;
						DevelopmentTeam = L2SXWB2TAK;
						ProvisioningStyle = Automatic;
						TestTargetID = F1257FA31F081BB100411090;
					};
				};
			};
			buildConfigurationList = F1257F9F1F081BB100411090 /* Build configuration list for PBXProject "MarketPlace" */;
			compatibilityVersion = "Xcode 3.2";
			developmentRegion = English;
			hasScannedForEncodings = 0;
			knownRegions = (
				en,
				Base,
			);
			mainGroup = F1257F9B1F081BB100411090;
			productRefGroup = F1257FA51F081BB100411090 /* Products */;
			projectDirPath = "";
			projectRoot = "";
			targets = (
				F1257FA31F081BB100411090 /* MarketPlace */,
				F1257FBA1F081BB100411090 /* MarketPlaceTests */,
				F1257FC51F081BB100411090 /* MarketPlaceUITests */,
			);
		};
/* End PBXProject section */

/* Begin PBXResourcesBuildPhase section */
		F1257FA21F081BB100411090 /* Resources */ = {
			isa = PBXResourcesBuildPhase;
			buildActionMask = 2147483647;
			files = (
				781D08A51F07C4070095E1C9 /* ProfileViewController.xib in Resources */,
				781D08B21F07D7E70095E1C9 /* TradeBannerView.xib in Resources */,
				F1257FB51F081BB100411090 /* LaunchScreen.storyboard in Resources */,
				781D08AA1F07C50A0095E1C9 /* RootViewController.xib in Resources */,
				F1257FD91F081F3F00411090 /* Assets.xcassets in Resources */,
				F1257FAD1F081BB100411090 /* Main.storyboard in Resources */,
				781D08AE1F07C8270095E1C9 /* TradeTableViewCell.xib in Resources */,
				781D08A11F07C3FC0095E1C9 /* NotificationViewController.xib in Resources */,
				781D089D1F07C3F00095E1C9 /* MonitorViewController.xib in Resources */,
			);
			runOnlyForDeploymentPostprocessing = 0;
		};
		F1257FB91F081BB100411090 /* Resources */ = {
			isa = PBXResourcesBuildPhase;
			buildActionMask = 2147483647;
			files = (
			);
			runOnlyForDeploymentPostprocessing = 0;
		};
		F1257FC41F081BB100411090 /* Resources */ = {
			isa = PBXResourcesBuildPhase;
			buildActionMask = 2147483647;
			files = (
			);
			runOnlyForDeploymentPostprocessing = 0;
		};
/* End PBXResourcesBuildPhase section */

/* Begin PBXShellScriptBuildPhase section */
		805EF89D95B013FB0627B29E /* [CP] Copy Pods Resources */ = {
			isa = PBXShellScriptBuildPhase;
			buildActionMask = 2147483647;
			files = (
			);
			inputPaths = (
			);
			name = "[CP] Copy Pods Resources";
			outputPaths = (
			);
			runOnlyForDeploymentPostprocessing = 0;
			shellPath = /bin/sh;
			shellScript = "\"${SRCROOT}/Pods/Target Support Files/Pods-MarketPlace/Pods-MarketPlace-resources.sh\"\n";
			showEnvVarsInLog = 0;
		};
		AFCCB55A4682A1F72AA9215E /* [CP] Check Pods Manifest.lock */ = {
			isa = PBXShellScriptBuildPhase;
			buildActionMask = 2147483647;
			files = (
			);
			inputPaths = (
			);
			name = "[CP] Check Pods Manifest.lock";
			outputPaths = (
			);
			runOnlyForDeploymentPostprocessing = 0;
			shellPath = /bin/sh;
			shellScript = "diff \"${PODS_PODFILE_DIR_PATH}/Podfile.lock\" \"${PODS_ROOT}/Manifest.lock\" > /dev/null\nif [ $? != 0 ] ; then\n    # print error to STDERR\n    echo \"error: The sandbox is not in sync with the Podfile.lock. Run 'pod install' or update your CocoaPods installation.\" >&2\n    exit 1\nfi\n";
			showEnvVarsInLog = 0;
		};
		DFE4740E1E0B9FEDF60632AE /* [CP] Embed Pods Frameworks */ = {
			isa = PBXShellScriptBuildPhase;
			buildActionMask = 2147483647;
			files = (
			);
			inputPaths = (
			);
			name = "[CP] Embed Pods Frameworks";
			outputPaths = (
			);
			runOnlyForDeploymentPostprocessing = 0;
			shellPath = /bin/sh;
			shellScript = "\"${SRCROOT}/Pods/Target Support Files/Pods-MarketPlace/Pods-MarketPlace-frameworks.sh\"\n";
			showEnvVarsInLog = 0;
		};
/* End PBXShellScriptBuildPhase section */

/* Begin PBXSourcesBuildPhase section */
		F1257FA01F081BB100411090 /* Sources */ = {
			isa = PBXSourcesBuildPhase;
			buildActionMask = 2147483647;
			files = (
				781D08951F07C0730095E1C9 /* MCommon.swift in Sources */,
				781D08B51F084DE00095E1C9 /* PaymentModeTableViewCell.swift in Sources */,
				781D08B01F07D7D50095E1C9 /* TradeBannerView.swift in Sources */,
				781D08901F07BB640095E1C9 /* HomeCollectionViewCell.swift in Sources */,
				781D08A01F07C3FC0095E1C9 /* NotificationViewController.swift in Sources */,
				781D08921F07BB640095E1C9 /* OrderListTableViewController.swift in Sources */,
				781D08AD1F07C8270095E1C9 /* TradeTableViewCell.swift in Sources */,
				781D089C1F07C3F00095E1C9 /* MonitorViewController.swift in Sources */,
				F1257FAA1F081BB100411090 /* ViewController.swift in Sources */,
				781D08B81F084E230095E1C9 /* TradeViewController.swift in Sources */,
				F1257FB01F081BB100411090 /* MarketPlace.xcdatamodeld in Sources */,
				781D08931F07BB640095E1C9 /* OrderTableViewController.swift in Sources */,
				781D08BC1F0850570095E1C9 /* OrderDetailViewController.swift in Sources */,
				781D08B61F084DE00095E1C9 /* PaymentModeTableViewController.swift in Sources */,
				F1257FA81F081BB100411090 /* AppDelegate.swift in Sources */,
				781D08A91F07C50A0095E1C9 /* RootViewController.swift in Sources */,
				781D08A41F07C4070095E1C9 /* ProfileViewController.swift in Sources */,
				781D088F1F07BB640095E1C9 /* Utils.swift in Sources */,
				781D08911F07BB640095E1C9 /* HomeViewController.swift in Sources */,
			);
			runOnlyForDeploymentPostprocessing = 0;
		};
		F1257FB71F081BB100411090 /* Sources */ = {
			isa = PBXSourcesBuildPhase;
			buildActionMask = 2147483647;
			files = (
				F1257FC01F081BB100411090 /* MarketPlaceTests.swift in Sources */,
			);
			runOnlyForDeploymentPostprocessing = 0;
		};
		F1257FC21F081BB100411090 /* Sources */ = {
			isa = PBXSourcesBuildPhase;
			buildActionMask = 2147483647;
			files = (
				F1257FCB1F081BB100411090 /* MarketPlaceUITests.swift in Sources */,
			);
			runOnlyForDeploymentPostprocessing = 0;
		};
/* End PBXSourcesBuildPhase section */

/* Begin PBXTargetDependency section */
		F1257FBD1F081BB100411090 /* PBXTargetDependency */ = {
			isa = PBXTargetDependency;
			target = F1257FA31F081BB100411090 /* MarketPlace */;
			targetProxy = F1257FBC1F081BB100411090 /* PBXContainerItemProxy */;
		};
		F1257FC81F081BB100411090 /* PBXTargetDependency */ = {
			isa = PBXTargetDependency;
			target = F1257FA31F081BB100411090 /* MarketPlace */;
			targetProxy = F1257FC71F081BB100411090 /* PBXContainerItemProxy */;
		};
/* End PBXTargetDependency section */

/* Begin PBXVariantGroup section */
		F1257FAB1F081BB100411090 /* Main.storyboard */ = {
			isa = PBXVariantGroup;
			children = (
				F1257FAC1F081BB100411090 /* Base */,
			);
			name = Main.storyboard;
			sourceTree = "<group>";
		};
		F1257FB31F081BB100411090 /* LaunchScreen.storyboard */ = {
			isa = PBXVariantGroup;
			children = (
				F1257FB41F081BB100411090 /* Base */,
			);
			name = LaunchScreen.storyboard;
			sourceTree = "<group>";
		};
/* End PBXVariantGroup section */

/* Begin XCBuildConfiguration section */
		F1257FCD1F081BB100411090 /* Debug */ = {
			isa = XCBuildConfiguration;
			buildSettings = {
				ALWAYS_SEARCH_USER_PATHS = NO;
				CLANG_ANALYZER_NONNULL = YES;
				CLANG_ANALYZER_NUMBER_OBJECT_CONVERSION = YES_AGGRESSIVE;
				CLANG_CXX_LANGUAGE_STANDARD = "gnu++0x";
				CLANG_CXX_LIBRARY = "libc++";
				CLANG_ENABLE_MODULES = YES;
				CLANG_ENABLE_OBJC_ARC = YES;
				CLANG_WARN_BOOL_CONVERSION = YES;
				CLANG_WARN_CONSTANT_CONVERSION = YES;
				CLANG_WARN_DIRECT_OBJC_ISA_USAGE = YES_ERROR;
				CLANG_WARN_DOCUMENTATION_COMMENTS = YES;
				CLANG_WARN_EMPTY_BODY = YES;
				CLANG_WARN_ENUM_CONVERSION = YES;
				CLANG_WARN_INFINITE_RECURSION = YES;
				CLANG_WARN_INT_CONVERSION = YES;
				CLANG_WARN_OBJC_ROOT_CLASS = YES_ERROR;
				CLANG_WARN_SUSPICIOUS_MOVE = YES;
				CLANG_WARN_UNREACHABLE_CODE = YES;
				CLANG_WARN__DUPLICATE_METHOD_MATCH = YES;
				"CODE_SIGN_IDENTITY[sdk=iphoneos*]" = "iPhone Developer";
				COPY_PHASE_STRIP = NO;
				DEBUG_INFORMATION_FORMAT = dwarf;
				ENABLE_STRICT_OBJC_MSGSEND = YES;
				ENABLE_TESTABILITY = YES;
				GCC_C_LANGUAGE_STANDARD = gnu99;
				GCC_DYNAMIC_NO_PIC = NO;
				GCC_NO_COMMON_BLOCKS = YES;
				GCC_OPTIMIZATION_LEVEL = 0;
				GCC_PREPROCESSOR_DEFINITIONS = (
					"DEBUG=1",
					"$(inherited)",
				);
				GCC_WARN_64_TO_32_BIT_CONVERSION = YES;
				GCC_WARN_ABOUT_RETURN_TYPE = YES_ERROR;
				GCC_WARN_UNDECLARED_SELECTOR = YES;
				GCC_WARN_UNINITIALIZED_AUTOS = YES_AGGRESSIVE;
				GCC_WARN_UNUSED_FUNCTION = YES;
				GCC_WARN_UNUSED_VARIABLE = YES;
				IPHONEOS_DEPLOYMENT_TARGET = 10.3;
				MTL_ENABLE_DEBUG_INFO = YES;
				ONLY_ACTIVE_ARCH = YES;
				SDKROOT = iphoneos;
				SWIFT_ACTIVE_COMPILATION_CONDITIONS = DEBUG;
				SWIFT_OPTIMIZATION_LEVEL = "-Onone";
				TARGETED_DEVICE_FAMILY = "1,2";
			};
			name = Debug;
		};
		F1257FCE1F081BB100411090 /* Release */ = {
			isa = XCBuildConfiguration;
			buildSettings = {
				ALWAYS_SEARCH_USER_PATHS = NO;
				CLANG_ANALYZER_NONNULL = YES;
				CLANG_ANALYZER_NUMBER_OBJECT_CONVERSION = YES_AGGRESSIVE;
				CLANG_CXX_LANGUAGE_STANDARD = "gnu++0x";
				CLANG_CXX_LIBRARY = "libc++";
				CLANG_ENABLE_MODULES = YES;
				CLANG_ENABLE_OBJC_ARC = YES;
				CLANG_WARN_BOOL_CONVERSION = YES;
				CLANG_WARN_CONSTANT_CONVERSION = YES;
				CLANG_WARN_DIRECT_OBJC_ISA_USAGE = YES_ERROR;
				CLANG_WARN_DOCUMENTATION_COMMENTS = YES;
				CLANG_WARN_EMPTY_BODY = YES;
				CLANG_WARN_ENUM_CONVERSION = YES;
				CLANG_WARN_INFINITE_RECURSION = YES;
				CLANG_WARN_INT_CONVERSION = YES;
				CLANG_WARN_OBJC_ROOT_CLASS = YES_ERROR;
				CLANG_WARN_SUSPICIOUS_MOVE = YES;
				CLANG_WARN_UNREACHABLE_CODE = YES;
				CLANG_WARN__DUPLICATE_METHOD_MATCH = YES;
				"CODE_SIGN_IDENTITY[sdk=iphoneos*]" = "iPhone Developer";
				COPY_PHASE_STRIP = NO;
				DEBUG_INFORMATION_FORMAT = "dwarf-with-dsym";
				ENABLE_NS_ASSERTIONS = NO;
				ENABLE_STRICT_OBJC_MSGSEND = YES;
				GCC_C_LANGUAGE_STANDARD = gnu99;
				GCC_NO_COMMON_BLOCKS = YES;
				GCC_WARN_64_TO_32_BIT_CONVERSION = YES;
				GCC_WARN_ABOUT_RETURN_TYPE = YES_ERROR;
				GCC_WARN_UNDECLARED_SELECTOR = YES;
				GCC_WARN_UNINITIALIZED_AUTOS = YES_AGGRESSIVE;
				GCC_WARN_UNUSED_FUNCTION = YES;
				GCC_WARN_UNUSED_VARIABLE = YES;
				IPHONEOS_DEPLOYMENT_TARGET = 10.3;
				MTL_ENABLE_DEBUG_INFO = NO;
				SDKROOT = iphoneos;
				SWIFT_OPTIMIZATION_LEVEL = "-Owholemodule";
				TARGETED_DEVICE_FAMILY = "1,2";
				VALIDATE_PRODUCT = YES;
			};
			name = Release;
		};
		F1257FD01F081BB100411090 /* Debug */ = {
			isa = XCBuildConfiguration;
			baseConfigurationReference = FE277396C7D190466AFCB0ED /* Pods-MarketPlace.debug.xcconfig */;
			buildSettings = {
				ASSETCATALOG_COMPILER_APPICON_NAME = AppIcon;
				DEVELOPMENT_TEAM = L2SXWB2TAK;
				INFOPLIST_FILE = MarketPlace/Info.plist;
				IPHONEOS_DEPLOYMENT_TARGET = 10.0;
				LD_RUNPATH_SEARCH_PATHS = "$(inherited) @executable_path/Frameworks";
				PRODUCT_BUNDLE_IDENTIFIER = com.angelhack.MarketPlace;
				PRODUCT_NAME = "$(TARGET_NAME)";
				SWIFT_VERSION = 3.0;
			};
			name = Debug;
		};
		F1257FD11F081BB100411090 /* Release */ = {
			isa = XCBuildConfiguration;
			baseConfigurationReference = FF264C35759E88F41F0E0458 /* Pods-MarketPlace.release.xcconfig */;
			buildSettings = {
				ASSETCATALOG_COMPILER_APPICON_NAME = AppIcon;
				DEVELOPMENT_TEAM = L2SXWB2TAK;
				INFOPLIST_FILE = MarketPlace/Info.plist;
				IPHONEOS_DEPLOYMENT_TARGET = 10.0;
				LD_RUNPATH_SEARCH_PATHS = "$(inherited) @executable_path/Frameworks";
				PRODUCT_BUNDLE_IDENTIFIER = com.angelhack.MarketPlace;
				PRODUCT_NAME = "$(TARGET_NAME)";
				SWIFT_VERSION = 3.0;
			};
			name = Release;
		};
		F1257FD31F081BB100411090 /* Debug */ = {
			isa = XCBuildConfiguration;
			buildSettings = {
				ALWAYS_EMBED_SWIFT_STANDARD_LIBRARIES = YES;
				BUNDLE_LOADER = "$(TEST_HOST)";
				DEVELOPMENT_TEAM = L2SXWB2TAK;
				INFOPLIST_FILE = MarketPlaceTests/Info.plist;
				LD_RUNPATH_SEARCH_PATHS = "$(inherited) @executable_path/Frameworks @loader_path/Frameworks";
				PRODUCT_BUNDLE_IDENTIFIER = com.angelhack.MarketPlaceTests;
				PRODUCT_NAME = "$(TARGET_NAME)";
				SWIFT_VERSION = 3.0;
				TEST_HOST = "$(BUILT_PRODUCTS_DIR)/MarketPlace.app/MarketPlace";
			};
			name = Debug;
		};
		F1257FD41F081BB100411090 /* Release */ = {
			isa = XCBuildConfiguration;
			buildSettings = {
				ALWAYS_EMBED_SWIFT_STANDARD_LIBRARIES = YES;
				BUNDLE_LOADER = "$(TEST_HOST)";
				DEVELOPMENT_TEAM = L2SXWB2TAK;
				INFOPLIST_FILE = MarketPlaceTests/Info.plist;
				LD_RUNPATH_SEARCH_PATHS = "$(inherited) @executable_path/Frameworks @loader_path/Frameworks";
				PRODUCT_BUNDLE_IDENTIFIER = com.angelhack.MarketPlaceTests;
				PRODUCT_NAME = "$(TARGET_NAME)";
				SWIFT_VERSION = 3.0;
				TEST_HOST = "$(BUILT_PRODUCTS_DIR)/MarketPlace.app/MarketPlace";
			};
			name = Release;
		};
		F1257FD61F081BB100411090 /* Debug */ = {
			isa = XCBuildConfiguration;
			buildSettings = {
				ALWAYS_EMBED_SWIFT_STANDARD_LIBRARIES = YES;
				DEVELOPMENT_TEAM = L2SXWB2TAK;
				INFOPLIST_FILE = MarketPlaceUITests/Info.plist;
				LD_RUNPATH_SEARCH_PATHS = "$(inherited) @executable_path/Frameworks @loader_path/Frameworks";
				PRODUCT_BUNDLE_IDENTIFIER = com.angelhack.MarketPlaceUITests;
				PRODUCT_NAME = "$(TARGET_NAME)";
				SWIFT_VERSION = 3.0;
				TEST_TARGET_NAME = MarketPlace;
			};
			name = Debug;
		};
		F1257FD71F081BB100411090 /* Release */ = {
			isa = XCBuildConfiguration;
			buildSettings = {
				ALWAYS_EMBED_SWIFT_STANDARD_LIBRARIES = YES;
				DEVELOPMENT_TEAM = L2SXWB2TAK;
				INFOPLIST_FILE = MarketPlaceUITests/Info.plist;
				LD_RUNPATH_SEARCH_PATHS = "$(inherited) @executable_path/Frameworks @loader_path/Frameworks";
				PRODUCT_BUNDLE_IDENTIFIER = com.angelhack.MarketPlaceUITests;
				PRODUCT_NAME = "$(TARGET_NAME)";
				SWIFT_VERSION = 3.0;
				TEST_TARGET_NAME = MarketPlace;
			};
			name = Release;
		};
/* End XCBuildConfiguration section */

/* Begin XCConfigurationList section */
		F1257F9F1F081BB100411090 /* Build configuration list for PBXProject "MarketPlace" */ = {
			isa = XCConfigurationList;
			buildConfigurations = (
				F1257FCD1F081BB100411090 /* Debug */,
				F1257FCE1F081BB100411090 /* Release */,
			);
			defaultConfigurationIsVisible = 0;
			defaultConfigurationName = Release;
		};
		F1257FCF1F081BB100411090 /* Build configuration list for PBXNativeTarget "MarketPlace" */ = {
			isa = XCConfigurationList;
			buildConfigurations = (
				F1257FD01F081BB100411090 /* Debug */,
				F1257FD11F081BB100411090 /* Release */,
			);
			defaultConfigurationIsVisible = 0;
			defaultConfigurationName = Release;
		};
		F1257FD21F081BB100411090 /* Build configuration list for PBXNativeTarget "MarketPlaceTests" */ = {
			isa = XCConfigurationList;
			buildConfigurations = (
				F1257FD31F081BB100411090 /* Debug */,
				F1257FD41F081BB100411090 /* Release */,
			);
			defaultConfigurationIsVisible = 0;
			defaultConfigurationName = Release;
		};
		F1257FD51F081BB100411090 /* Build configuration list for PBXNativeTarget "MarketPlaceUITests" */ = {
			isa = XCConfigurationList;
			buildConfigurations = (
				F1257FD61F081BB100411090 /* Debug */,
				F1257FD71F081BB100411090 /* Release */,
			);
			defaultConfigurationIsVisible = 0;
			defaultConfigurationName = Release;
		};
/* End XCConfigurationList section */

/* Begin XCVersionGroup section */
		F1257FAE1F081BB100411090 /* MarketPlace.xcdatamodeld */ = {
			isa = XCVersionGroup;
			children = (
				F1257FAF1F081BB100411090 /* MarketPlace.xcdatamodel */,
			);
			currentVersion = F1257FAF1F081BB100411090 /* MarketPlace.xcdatamodel */;
			path = MarketPlace.xcdatamodeld;
			sourceTree = "<group>";
			versionGroupType = wrapper.xcdatamodel;
		};
/* End XCVersionGroup section */
	};
	rootObject = F1257F9C1F081BB100411090 /* Project object */;
}
