// !$*UTF8*$!
{
	archiveVersion = 1;
	classes = {
	};
	objectVersion = 46;
	objects = {

/* Begin PBXBuildFile section */
		F1257FA81F081BB100411090 /* AppDelegate.swift in Sources */ = {isa = PBXBuildFile; fileRef = F1257FA71F081BB100411090 /* AppDelegate.swift */; };
		F1257FAA1F081BB100411090 /* ViewController.swift in Sources */ = {isa = PBXBuildFile; fileRef = F1257FA91F081BB100411090 /* ViewController.swift */; };
		F1257FAD1F081BB100411090 /* Main.storyboard in Resources */ = {isa = PBXBuildFile; fileRef = F1257FAB1F081BB100411090 /* Main.storyboard */; };
		F1257FB01F081BB100411090 /* MarketPlace.xcdatamodeld in Sources */ = {isa = PBXBuildFile; fileRef = F1257FAE1F081BB100411090 /* MarketPlace.xcdatamodeld */; };
		F1257FB51F081BB100411090 /* LaunchScreen.storyboard in Resources */ = {isa = PBXBuildFile; fileRef = F1257FB31F081BB100411090 /* LaunchScreen.storyboard */; };
		F1257FC01F081BB100411090 /* MarketPlaceTests.swift in Sources */ = {isa = PBXBuildFile; fileRef = F1257FBF1F081BB100411090 /* MarketPlaceTests.swift */; };
		F1257FCB1F081BB100411090 /* MarketPlaceUITests.swift in Sources */ = {isa = PBXBuildFile; fileRef = F1257FCA1F081BB100411090 /* MarketPlaceUITests.swift */; };
		F1257FD91F081F3F00411090 /* Assets.xcassets in Resources */ = {isa = PBXBuildFile; fileRef = F1257FD81F081F3F00411090 /* Assets.xcassets */; };
		F1257FE11F082EB500411090 /* HomeViewController.swift in Sources */ = {isa = PBXBuildFile; fileRef = F1257FE01F082EB500411090 /* HomeViewController.swift */; };
		F1257FE51F082F0D00411090 /* OrderListTableViewController.swift in Sources */ = {isa = PBXBuildFile; fileRef = F1257FE41F082F0D00411090 /* OrderListTableViewController.swift */; };
		F1257FE71F08333F00411090 /* OrderTableViewController.swift in Sources */ = {isa = PBXBuildFile; fileRef = F1257FE61F08333F00411090 /* OrderTableViewController.swift */; };
		F1257FEB1F08537D00411090 /* Utils.swift in Sources */ = {isa = PBXBuildFile; fileRef = F1257FEA1F08537D00411090 /* Utils.swift */; };
		F1257FED1F0857DA00411090 /* HomeCollectionViewCell.swift in Sources */ = {isa = PBXBuildFile; fileRef = F1257FEC1F0857DA00411090 /* HomeCollectionViewCell.swift */; };
/* End PBXBuildFile section */

/* Begin PBXContainerItemProxy section */
		F1257FBC1F081BB100411090 /* PBXContainerItemProxy */ = {
			isa = PBXContainerItemProxy;
			containerPortal = F1257F9C1F081BB100411090 /* Project object */;
			proxyType = 1;
			remoteGlobalIDString = F1257FA31F081BB100411090;
			remoteInfo = MarketPlace;
		};
		F1257FC71F081BB100411090 /* PBXContainerItemProxy */ = {
			isa = PBXContainerItemProxy;
			containerPortal = F1257F9C1F081BB100411090 /* Project object */;
			proxyType = 1;
			remoteGlobalIDString = F1257FA31F081BB100411090;
			remoteInfo = MarketPlace;
		};
/* End PBXContainerItemProxy section */

/* Begin PBXFileReference section */
		F1257FA41F081BB100411090 /* MarketPlace.app */ = {isa = PBXFileReference; explicitFileType = wrapper.application; includeInIndex = 0; path = MarketPlace.app; sourceTree = BUILT_PRODUCTS_DIR; };
		F1257FA71F081BB100411090 /* AppDelegate.swift */ = {isa = PBXFileReference; lastKnownFileType = sourcecode.swift; path = AppDelegate.swift; sourceTree = "<group>"; };
		F1257FA91F081BB100411090 /* ViewController.swift */ = {isa = PBXFileReference; lastKnownFileType = sourcecode.swift; path = ViewController.swift; sourceTree = "<group>"; };
		F1257FAC1F081BB100411090 /* Base */ = {isa = PBXFileReference; lastKnownFileType = file.storyboard; name = Base; path = Base.lproj/Main.storyboard; sourceTree = "<group>"; };
		F1257FAF1F081BB100411090 /* MarketPlace.xcdatamodel */ = {isa = PBXFileReference; lastKnownFileType = wrapper.xcdatamodel; path = MarketPlace.xcdatamodel; sourceTree = "<group>"; };
		F1257FB41F081BB100411090 /* Base */ = {isa = PBXFileReference; lastKnownFileType = file.storyboard; name = Base; path = Base.lproj/LaunchScreen.storyboard; sourceTree = "<group>"; };
		F1257FB61F081BB100411090 /* Info.plist */ = {isa = PBXFileReference; lastKnownFileType = text.plist.xml; path = Info.plist; sourceTree = "<group>"; };
		F1257FBB1F081BB100411090 /* MarketPlaceTests.xctest */ = {isa = PBXFileReference; explicitFileType = wrapper.cfbundle; includeInIndex = 0; path = MarketPlaceTests.xctest; sourceTree = BUILT_PRODUCTS_DIR; };
		F1257FBF1F081BB100411090 /* MarketPlaceTests.swift */ = {isa = PBXFileReference; lastKnownFileType = sourcecode.swift; path = MarketPlaceTests.swift; sourceTree = "<group>"; };
		F1257FC11F081BB100411090 /* Info.plist */ = {isa = PBXFileReference; lastKnownFileType = text.plist.xml; path = Info.plist; sourceTree = "<group>"; };
		F1257FC61F081BB100411090 /* MarketPlaceUITests.xctest */ = {isa = PBXFileReference; explicitFileType = wrapper.cfbundle; includeInIndex = 0; path = MarketPlaceUITests.xctest; sourceTree = BUILT_PRODUCTS_DIR; };
		F1257FCA1F081BB100411090 /* MarketPlaceUITests.swift */ = {isa = PBXFileReference; lastKnownFileType = sourcecode.swift; path = MarketPlaceUITests.swift; sourceTree = "<group>"; };
		F1257FCC1F081BB100411090 /* Info.plist */ = {isa = PBXFileReference; lastKnownFileType = text.plist.xml; path = Info.plist; sourceTree = "<group>"; };
		F1257FD81F081F3F00411090 /* Assets.xcassets */ = {isa = PBXFileReference; lastKnownFileType = folder.assetcatalog; path = Assets.xcassets; sourceTree = "<group>"; };
		F1257FE01F082EB500411090 /* HomeViewController.swift */ = {isa = PBXFileReference; fileEncoding = 4; lastKnownFileType = sourcecode.swift; path = HomeViewController.swift; sourceTree = "<group>"; };
		F1257FE41F082F0D00411090 /* OrderListTableViewController.swift */ = {isa = PBXFileReference; fileEncoding = 4; lastKnownFileType = sourcecode.swift; path = OrderListTableViewController.swift; sourceTree = "<group>"; };
		F1257FE61F08333F00411090 /* OrderTableViewController.swift */ = {isa = PBXFileReference; fileEncoding = 4; lastKnownFileType = sourcecode.swift; path = OrderTableViewController.swift; sourceTree = "<group>"; };
		F1257FEA1F08537D00411090 /* Utils.swift */ = {isa = PBXFileReference; fileEncoding = 4; lastKnownFileType = sourcecode.swift; path = Utils.swift; sourceTree = "<group>"; };
		F1257FEC1F0857DA00411090 /* HomeCollectionViewCell.swift */ = {isa = PBXFileReference; fileEncoding = 4; lastKnownFileType = sourcecode.swift; path = HomeCollectionViewCell.swift; sourceTree = "<group>"; };
/* End PBXFileReference section */

/* Begin PBXFrameworksBuildPhase section */
		F1257FA11F081BB100411090 /* Frameworks */ = {
			isa = PBXFrameworksBuildPhase;
			buildActionMask = 2147483647;
			files = (
			);
			runOnlyForDeploymentPostprocessing = 0;
		};
		F1257FB81F081BB100411090 /* Frameworks */ = {
			isa = PBXFrameworksBuildPhase;
			buildActionMask = 2147483647;
			files = (
			);
			runOnlyForDeploymentPostprocessing = 0;
		};
		F1257FC31F081BB100411090 /* Frameworks */ = {
			isa = PBXFrameworksBuildPhase;
			buildActionMask = 2147483647;
			files = (
			);
			runOnlyForDeploymentPostprocessing = 0;
		};
/* End PBXFrameworksBuildPhase section */

/* Begin PBXGroup section */
		F1257F9B1F081BB100411090 = {
			isa = PBXGroup;
			children = (
				F1257FA61F081BB100411090 /* MarketPlace */,
				F1257FBE1F081BB100411090 /* MarketPlaceTests */,
				F1257FC91F081BB100411090 /* MarketPlaceUITests */,
				F1257FA51F081BB100411090 /* Products */,
			);
			sourceTree = "<group>";
		};
		F1257FA51F081BB100411090 /* Products */ = {
			isa = PBXGroup;
			children = (
				F1257FA41F081BB100411090 /* MarketPlace.app */,
				F1257FBB1F081BB100411090 /* MarketPlaceTests.xctest */,
				F1257FC61F081BB100411090 /* MarketPlaceUITests.xctest */,
			);
			name = Products;
			sourceTree = "<group>";
		};
		F1257FA61F081BB100411090 /* MarketPlace */ = {
			isa = PBXGroup;
			children = (
				F1257FE91F08535C00411090 /* Common */,
				F1257FDF1F082E8600411090 /* Settings */,
				F1257FDE1F082E7D00411090 /* Notification */,
				F1257FDD1F082E6E00411090 /* Monitor */,
				F1257FDC1F082E6700411090 /* Explore */,
				F1257FA71F081BB100411090 /* AppDelegate.swift */,
				F1257FDB1F082E5300411090 /* Home */,
				F1257FA91F081BB100411090 /* ViewController.swift */,
				F1257FAB1F081BB100411090 /* Main.storyboard */,
				F1257FB31F081BB100411090 /* LaunchScreen.storyboard */,
				F1257FB61F081BB100411090 /* Info.plist */,
				F1257FD81F081F3F00411090 /* Assets.xcassets */,
				F1257FAE1F081BB100411090 /* MarketPlace.xcdatamodeld */,
			);
			path = MarketPlace;
			sourceTree = "<group>";
		};
		F1257FBE1F081BB100411090 /* MarketPlaceTests */ = {
			isa = PBXGroup;
			children = (
				F1257FBF1F081BB100411090 /* MarketPlaceTests.swift */,
				F1257FC11F081BB100411090 /* Info.plist */,
			);
			path = MarketPlaceTests;
			sourceTree = "<group>";
		};
		F1257FC91F081BB100411090 /* MarketPlaceUITests */ = {
			isa = PBXGroup;
			children = (
				F1257FCA1F081BB100411090 /* MarketPlaceUITests.swift */,
				F1257FCC1F081BB100411090 /* Info.plist */,
			);
			path = MarketPlaceUITests;
			sourceTree = "<group>";
		};
		F1257FDB1F082E5300411090 /* Home */ = {
			isa = PBXGroup;
			children = (
				F1257FE01F082EB500411090 /* HomeViewController.swift */,
				F1257FEC1F0857DA00411090 /* HomeCollectionViewCell.swift */,
				F1257FE41F082F0D00411090 /* OrderListTableViewController.swift */,
				F1257FE61F08333F00411090 /* OrderTableViewController.swift */,
			);
			name = Home;
			sourceTree = "<group>";
		};
		F1257FDC1F082E6700411090 /* Explore */ = {
			isa = PBXGroup;
			children = (
			);
			name = Explore;
			sourceTree = "<group>";
		};
		F1257FDD1F082E6E00411090 /* Monitor */ = {
			isa = PBXGroup;
			children = (
			);
			name = Monitor;
			sourceTree = "<group>";
		};
		F1257FDE1F082E7D00411090 /* Notification */ = {
			isa = PBXGroup;
			children = (
			);
			name = Notification;
			sourceTree = "<group>";
		};
		F1257FDF1F082E8600411090 /* Settings */ = {
			isa = PBXGroup;
			children = (
			);
			name = Settings;
			sourceTree = "<group>";
		};
		F1257FE91F08535C00411090 /* Common */ = {
			isa = PBXGroup;
			children = (
				F1257FEA1F08537D00411090 /* Utils.swift */,
			);
			name = Common;
			sourceTree = "<group>";
		};
/* End PBXGroup section */

/* Begin PBXNativeTarget section */
		F1257FA31F081BB100411090 /* MarketPlace */ = {
			isa = PBXNativeTarget;
			buildConfigurationList = F1257FCF1F081BB100411090 /* Build configuration list for PBXNativeTarget "MarketPlace" */;
			buildPhases = (
				F1257FA01F081BB100411090 /* Sources */,
				F1257FA11F081BB100411090 /* Frameworks */,
				F1257FA21F081BB100411090 /* Resources */,
			);
			buildRules = (
			);
			dependencies = (
			);
			name = MarketPlace;
			productName = MarketPlace;
			productReference = F1257FA41F081BB100411090 /* MarketPlace.app */;
			productType = "com.apple.product-type.application";
		};
		F1257FBA1F081BB100411090 /* MarketPlaceTests */ = {
			isa = PBXNativeTarget;
			buildConfigurationList = F1257FD21F081BB100411090 /* Build configuration list for PBXNativeTarget "MarketPlaceTests" */;
			buildPhases = (
				F1257FB71F081BB100411090 /* Sources */,
				F1257FB81F081BB100411090 /* Frameworks */,
				F1257FB91F081BB100411090 /* Resources */,
			);
			buildRules = (
			);
			dependencies = (
				F1257FBD1F081BB100411090 /* PBXTargetDependency */,
			);
			name = MarketPlaceTests;
			productName = MarketPlaceTests;
			productReference = F1257FBB1F081BB100411090 /* MarketPlaceTests.xctest */;
			productType = "com.apple.product-type.bundle.unit-test";
		};
		F1257FC51F081BB100411090 /* MarketPlaceUITests */ = {
			isa = PBXNativeTarget;
			buildConfigurationList = F1257FD51F081BB100411090 /* Build configuration list for PBXNativeTarget "MarketPlaceUITests" */;
			buildPhases = (
				F1257FC21F081BB100411090 /* Sources */,
				F1257FC31F081BB100411090 /* Frameworks */,
				F1257FC41F081BB100411090 /* Resources */,
			);
			buildRules = (
			);
			dependencies = (
				F1257FC81F081BB100411090 /* PBXTargetDependency */,
			);
			name = MarketPlaceUITests;
			productName = MarketPlaceUITests;
			productReference = F1257FC61F081BB100411090 /* MarketPlaceUITests.xctest */;
			productType = "com.apple.product-type.bundle.ui-testing";
		};
/* End PBXNativeTarget section */

/* Begin PBXProject section */
		F1257F9C1F081BB100411090 /* Project object */ = {
			isa = PBXProject;
			attributes = {
				LastSwiftUpdateCheck = 0830;
				LastUpgradeCheck = 0830;
				ORGANIZATIONNAME = Angelhack;
				TargetAttributes = {
					F1257FA31F081BB100411090 = {
						CreatedOnToolsVersion = 8.3.2;
						DevelopmentTeam = L2SXWB2TAK;
						ProvisioningStyle = Automatic;
					};
					F1257FBA1F081BB100411090 = {
						CreatedOnToolsVersion = 8.3.2;
						DevelopmentTeam = L2SXWB2TAK;
						ProvisioningStyle = Automatic;
						TestTargetID = F1257FA31F081BB100411090;
					};
					F1257FC51F081BB100411090 = {
						CreatedOnToolsVersion = 8.3.2;
						DevelopmentTeam = L2SXWB2TAK;
						ProvisioningStyle = Automatic;
						TestTargetID = F1257FA31F081BB100411090;
					};
				};
			};
			buildConfigurationList = F1257F9F1F081BB100411090 /* Build configuration list for PBXProject "MarketPlace" */;
			compatibilityVersion = "Xcode 3.2";
			developmentRegion = English;
			hasScannedForEncodings = 0;
			knownRegions = (
				en,
				Base,
			);
			mainGroup = F1257F9B1F081BB100411090;
			productRefGroup = F1257FA51F081BB100411090 /* Products */;
			projectDirPath = "";
			projectRoot = "";
			targets = (
				F1257FA31F081BB100411090 /* MarketPlace */,
				F1257FBA1F081BB100411090 /* MarketPlaceTests */,
				F1257FC51F081BB100411090 /* MarketPlaceUITests */,
			);
		};
/* End PBXProject section */

/* Begin PBXResourcesBuildPhase section */
		F1257FA21F081BB100411090 /* Resources */ = {
			isa = PBXResourcesBuildPhase;
			buildActionMask = 2147483647;
			files = (
				F1257FB51F081BB100411090 /* LaunchScreen.storyboard in Resources */,
				F1257FD91F081F3F00411090 /* Assets.xcassets in Resources */,
				F1257FAD1F081BB100411090 /* Main.storyboard in Resources */,
			);
			runOnlyForDeploymentPostprocessing = 0;
		};
		F1257FB91F081BB100411090 /* Resources */ = {
			isa = PBXResourcesBuildPhase;
			buildActionMask = 2147483647;
			files = (
			);
			runOnlyForDeploymentPostprocessing = 0;
		};
		F1257FC41F081BB100411090 /* Resources */ = {
			isa = PBXResourcesBuildPhase;
			buildActionMask = 2147483647;
			files = (
			);
			runOnlyForDeploymentPostprocessing = 0;
		};
/* End PBXResourcesBuildPhase section */

/* Begin PBXSourcesBuildPhase section */
		F1257FA01F081BB100411090 /* Sources */ = {
			isa = PBXSourcesBuildPhase;
			buildActionMask = 2147483647;
			files = (
				F1257FE51F082F0D00411090 /* OrderListTableViewController.swift in Sources */,
				F1257FAA1F081BB100411090 /* ViewController.swift in Sources */,
				F1257FB01F081BB100411090 /* MarketPlace.xcdatamodeld in Sources */,
				F1257FEB1F08537D00411090 /* Utils.swift in Sources */,
				F1257FA81F081BB100411090 /* AppDelegate.swift in Sources */,
				F1257FE71F08333F00411090 /* OrderTableViewController.swift in Sources */,
				F1257FE11F082EB500411090 /* HomeViewController.swift in Sources */,
				F1257FED1F0857DA00411090 /* HomeCollectionViewCell.swift in Sources */,
			);
			runOnlyForDeploymentPostprocessing = 0;
		};
		F1257FB71F081BB100411090 /* Sources */ = {
			isa = PBXSourcesBuildPhase;
			buildActionMask = 2147483647;
			files = (
				F1257FC01F081BB100411090 /* MarketPlaceTests.swift in Sources */,
			);
			runOnlyForDeploymentPostprocessing = 0;
		};
		F1257FC21F081BB100411090 /* Sources */ = {
			isa = PBXSourcesBuildPhase;
			buildActionMask = 2147483647;
			files = (
				F1257FCB1F081BB100411090 /* MarketPlaceUITests.swift in Sources */,
			);
			runOnlyForDeploymentPostprocessing = 0;
		};
/* End PBXSourcesBuildPhase section */

/* Begin PBXTargetDependency section */
		F1257FBD1F081BB100411090 /* PBXTargetDependency */ = {
			isa = PBXTargetDependency;
			target = F1257FA31F081BB100411090 /* MarketPlace */;
			targetProxy = F1257FBC1F081BB100411090 /* PBXContainerItemProxy */;
		};
		F1257FC81F081BB100411090 /* PBXTargetDependency */ = {
			isa = PBXTargetDependency;
			target = F1257FA31F081BB100411090 /* MarketPlace */;
			targetProxy = F1257FC71F081BB100411090 /* PBXContainerItemProxy */;
		};
/* End PBXTargetDependency section */

/* Begin PBXVariantGroup section */
		F1257FAB1F081BB100411090 /* Main.storyboard */ = {
			isa = PBXVariantGroup;
			children = (
				F1257FAC1F081BB100411090 /* Base */,
			);
			name = Main.storyboard;
			sourceTree = "<group>";
		};
		F1257FB31F081BB100411090 /* LaunchScreen.storyboard */ = {
			isa = PBXVariantGroup;
			children = (
				F1257FB41F081BB100411090 /* Base */,
			);
			name = LaunchScreen.storyboard;
			sourceTree = "<group>";
		};
/* End PBXVariantGroup section */

/* Begin XCBuildConfiguration section */
		F1257FCD1F081BB100411090 /* Debug */ = {
			isa = XCBuildConfiguration;
			buildSettings = {
				ALWAYS_SEARCH_USER_PATHS = NO;
				CLANG_ANALYZER_NONNULL = YES;
				CLANG_ANALYZER_NUMBER_OBJECT_CONVERSION = YES_AGGRESSIVE;
				CLANG_CXX_LANGUAGE_STANDARD = "gnu++0x";
				CLANG_CXX_LIBRARY = "libc++";
				CLANG_ENABLE_MODULES = YES;
				CLANG_ENABLE_OBJC_ARC = YES;
				CLANG_WARN_BOOL_CONVERSION = YES;
				CLANG_WARN_CONSTANT_CONVERSION = YES;
				CLANG_WARN_DIRECT_OBJC_ISA_USAGE = YES_ERROR;
				CLANG_WARN_DOCUMENTATION_COMMENTS = YES;
				CLANG_WARN_EMPTY_BODY = YES;
				CLANG_WARN_ENUM_CONVERSION = YES;
				CLANG_WARN_INFINITE_RECURSION = YES;
				CLANG_WARN_INT_CONVERSION = YES;
				CLANG_WARN_OBJC_ROOT_CLASS = YES_ERROR;
				CLANG_WARN_SUSPICIOUS_MOVE = YES;
				CLANG_WARN_UNREACHABLE_CODE = YES;
				CLANG_WARN__DUPLICATE_METHOD_MATCH = YES;
				"CODE_SIGN_IDENTITY[sdk=iphoneos*]" = "iPhone Developer";
				COPY_PHASE_STRIP = NO;
				DEBUG_INFORMATION_FORMAT = dwarf;
				ENABLE_STRICT_OBJC_MSGSEND = YES;
				ENABLE_TESTABILITY = YES;
				GCC_C_LANGUAGE_STANDARD = gnu99;
				GCC_DYNAMIC_NO_PIC = NO;
				GCC_NO_COMMON_BLOCKS = YES;
				GCC_OPTIMIZATION_LEVEL = 0;
				GCC_PREPROCESSOR_DEFINITIONS = (
					"DEBUG=1",
					"$(inherited)",
				);
				GCC_WARN_64_TO_32_BIT_CONVERSION = YES;
				GCC_WARN_ABOUT_RETURN_TYPE = YES_ERROR;
				GCC_WARN_UNDECLARED_SELECTOR = YES;
				GCC_WARN_UNINITIALIZED_AUTOS = YES_AGGRESSIVE;
				GCC_WARN_UNUSED_FUNCTION = YES;
				GCC_WARN_UNUSED_VARIABLE = YES;
				IPHONEOS_DEPLOYMENT_TARGET = 10.3;
				MTL_ENABLE_DEBUG_INFO = YES;
				ONLY_ACTIVE_ARCH = YES;
				SDKROOT = iphoneos;
				SWIFT_ACTIVE_COMPILATION_CONDITIONS = DEBUG;
				SWIFT_OPTIMIZATION_LEVEL = "-Onone";
				TARGETED_DEVICE_FAMILY = "1,2";
			};
			name = Debug;
		};
		F1257FCE1F081BB100411090 /* Release */ = {
			isa = XCBuildConfiguration;
			buildSettings = {
				ALWAYS_SEARCH_USER_PATHS = NO;
				CLANG_ANALYZER_NONNULL = YES;
				CLANG_ANALYZER_NUMBER_OBJECT_CONVERSION = YES_AGGRESSIVE;
				CLANG_CXX_LANGUAGE_STANDARD = "gnu++0x";
				CLANG_CXX_LIBRARY = "libc++";
				CLANG_ENABLE_MODULES = YES;
				CLANG_ENABLE_OBJC_ARC = YES;
				CLANG_WARN_BOOL_CONVERSION = YES;
				CLANG_WARN_CONSTANT_CONVERSION = YES;
				CLANG_WARN_DIRECT_OBJC_ISA_USAGE = YES_ERROR;
				CLANG_WARN_DOCUMENTATION_COMMENTS = YES;
				CLANG_WARN_EMPTY_BODY = YES;
				CLANG_WARN_ENUM_CONVERSION = YES;
				CLANG_WARN_INFINITE_RECURSION = YES;
				CLANG_WARN_INT_CONVERSION = YES;
				CLANG_WARN_OBJC_ROOT_CLASS = YES_ERROR;
				CLANG_WARN_SUSPICIOUS_MOVE = YES;
				CLANG_WARN_UNREACHABLE_CODE = YES;
				CLANG_WARN__DUPLICATE_METHOD_MATCH = YES;
				"CODE_SIGN_IDENTITY[sdk=iphoneos*]" = "iPhone Developer";
				COPY_PHASE_STRIP = NO;
				DEBUG_INFORMATION_FORMAT = "dwarf-with-dsym";
				ENABLE_NS_ASSERTIONS = NO;
				ENABLE_STRICT_OBJC_MSGSEND = YES;
				GCC_C_LANGUAGE_STANDARD = gnu99;
				GCC_NO_COMMON_BLOCKS = YES;
				GCC_WARN_64_TO_32_BIT_CONVERSION = YES;
				GCC_WARN_ABOUT_RETURN_TYPE = YES_ERROR;
				GCC_WARN_UNDECLARED_SELECTOR = YES;
				GCC_WARN_UNINITIALIZED_AUTOS = YES_AGGRESSIVE;
				GCC_WARN_UNUSED_FUNCTION = YES;
				GCC_WARN_UNUSED_VARIABLE = YES;
				IPHONEOS_DEPLOYMENT_TARGET = 10.3;
				MTL_ENABLE_DEBUG_INFO = NO;
				SDKROOT = iphoneos;
				SWIFT_OPTIMIZATION_LEVEL = "-Owholemodule";
				TARGETED_DEVICE_FAMILY = "1,2";
				VALIDATE_PRODUCT = YES;
			};
			name = Release;
		};
		F1257FD01F081BB100411090 /* Debug */ = {
			isa = XCBuildConfiguration;
			buildSettings = {
				ASSETCATALOG_COMPILER_APPICON_NAME = AppIcon;
				DEVELOPMENT_TEAM = L2SXWB2TAK;
				INFOPLIST_FILE = MarketPlace/Info.plist;
				LD_RUNPATH_SEARCH_PATHS = "$(inherited) @executable_path/Frameworks";
				PRODUCT_BUNDLE_IDENTIFIER = com.angelhack.MarketPlace;
				PRODUCT_NAME = "$(TARGET_NAME)";
				SWIFT_VERSION = 3.0;
			};
			name = Debug;
		};
		F1257FD11F081BB100411090 /* Release */ = {
			isa = XCBuildConfiguration;
			buildSettings = {
				ASSETCATALOG_COMPILER_APPICON_NAME = AppIcon;
				DEVELOPMENT_TEAM = L2SXWB2TAK;
				INFOPLIST_FILE = MarketPlace/Info.plist;
				LD_RUNPATH_SEARCH_PATHS = "$(inherited) @executable_path/Frameworks";
				PRODUCT_BUNDLE_IDENTIFIER = com.angelhack.MarketPlace;
				PRODUCT_NAME = "$(TARGET_NAME)";
				SWIFT_VERSION = 3.0;
			};
			name = Release;
		};
		F1257FD31F081BB100411090 /* Debug */ = {
			isa = XCBuildConfiguration;
			buildSettings = {
				ALWAYS_EMBED_SWIFT_STANDARD_LIBRARIES = YES;
				BUNDLE_LOADER = "$(TEST_HOST)";
				DEVELOPMENT_TEAM = L2SXWB2TAK;
				INFOPLIST_FILE = MarketPlaceTests/Info.plist;
				LD_RUNPATH_SEARCH_PATHS = "$(inherited) @executable_path/Frameworks @loader_path/Frameworks";
				PRODUCT_BUNDLE_IDENTIFIER = com.angelhack.MarketPlaceTests;
				PRODUCT_NAME = "$(TARGET_NAME)";
				SWIFT_VERSION = 3.0;
				TEST_HOST = "$(BUILT_PRODUCTS_DIR)/MarketPlace.app/MarketPlace";
			};
			name = Debug;
		};
		F1257FD41F081BB100411090 /* Release */ = {
			isa = XCBuildConfiguration;
			buildSettings = {
				ALWAYS_EMBED_SWIFT_STANDARD_LIBRARIES = YES;
				BUNDLE_LOADER = "$(TEST_HOST)";
				DEVELOPMENT_TEAM = L2SXWB2TAK;
				INFOPLIST_FILE = MarketPlaceTests/Info.plist;
				LD_RUNPATH_SEARCH_PATHS = "$(inherited) @executable_path/Frameworks @loader_path/Frameworks";
				PRODUCT_BUNDLE_IDENTIFIER = com.angelhack.MarketPlaceTests;
				PRODUCT_NAME = "$(TARGET_NAME)";
				SWIFT_VERSION = 3.0;
				TEST_HOST = "$(BUILT_PRODUCTS_DIR)/MarketPlace.app/MarketPlace";
			};
			name = Release;
		};
		F1257FD61F081BB100411090 /* Debug */ = {
			isa = XCBuildConfiguration;
			buildSettings = {
				ALWAYS_EMBED_SWIFT_STANDARD_LIBRARIES = YES;
				DEVELOPMENT_TEAM = L2SXWB2TAK;
				INFOPLIST_FILE = MarketPlaceUITests/Info.plist;
				LD_RUNPATH_SEARCH_PATHS = "$(inherited) @executable_path/Frameworks @loader_path/Frameworks";
				PRODUCT_BUNDLE_IDENTIFIER = com.angelhack.MarketPlaceUITests;
				PRODUCT_NAME = "$(TARGET_NAME)";
				SWIFT_VERSION = 3.0;
				TEST_TARGET_NAME = MarketPlace;
			};
			name = Debug;
		};
		F1257FD71F081BB100411090 /* Release */ = {
			isa = XCBuildConfiguration;
			buildSettings = {
				ALWAYS_EMBED_SWIFT_STANDARD_LIBRARIES = YES;
				DEVELOPMENT_TEAM = L2SXWB2TAK;
				INFOPLIST_FILE = MarketPlaceUITests/Info.plist;
				LD_RUNPATH_SEARCH_PATHS = "$(inherited) @executable_path/Frameworks @loader_path/Frameworks";
				PRODUCT_BUNDLE_IDENTIFIER = com.angelhack.MarketPlaceUITests;
				PRODUCT_NAME = "$(TARGET_NAME)";
				SWIFT_VERSION = 3.0;
				TEST_TARGET_NAME = MarketPlace;
			};
			name = Release;
		};
/* End XCBuildConfiguration section */

/* Begin XCConfigurationList section */
		F1257F9F1F081BB100411090 /* Build configuration list for PBXProject "MarketPlace" */ = {
			isa = XCConfigurationList;
			buildConfigurations = (
				F1257FCD1F081BB100411090 /* Debug */,
				F1257FCE1F081BB100411090 /* Release */,
			);
			defaultConfigurationIsVisible = 0;
			defaultConfigurationName = Release;
		};
		F1257FCF1F081BB100411090 /* Build configuration list for PBXNativeTarget "MarketPlace" */ = {
			isa = XCConfigurationList;
			buildConfigurations = (
				F1257FD01F081BB100411090 /* Debug */,
				F1257FD11F081BB100411090 /* Release */,
			);
			defaultConfigurationIsVisible = 0;
			defaultConfigurationName = Release;
		};
		F1257FD21F081BB100411090 /* Build configuration list for PBXNativeTarget "MarketPlaceTests" */ = {
			isa = XCConfigurationList;
			buildConfigurations = (
				F1257FD31F081BB100411090 /* Debug */,
				F1257FD41F081BB100411090 /* Release */,
			);
			defaultConfigurationIsVisible = 0;
			defaultConfigurationName = Release;
		};
		F1257FD51F081BB100411090 /* Build configuration list for PBXNativeTarget "MarketPlaceUITests" */ = {
			isa = XCConfigurationList;
			buildConfigurations = (
				F1257FD61F081BB100411090 /* Debug */,
				F1257FD71F081BB100411090 /* Release */,
			);
			defaultConfigurationIsVisible = 0;
			defaultConfigurationName = Release;
		};
/* End XCConfigurationList section */

/* Begin XCVersionGroup section */
		F1257FAE1F081BB100411090 /* MarketPlace.xcdatamodeld */ = {
			isa = XCVersionGroup;
			children = (
				F1257FAF1F081BB100411090 /* MarketPlace.xcdatamodel */,
			);
			currentVersion = F1257FAF1F081BB100411090 /* MarketPlace.xcdatamodel */;
			path = MarketPlace.xcdatamodeld;
			sourceTree = "<group>";
			versionGroupType = wrapper.xcdatamodel;
		};
/* End XCVersionGroup section */
	};
	rootObject = F1257F9C1F081BB100411090 /* Project object */;
}
